
Microsoft Visual Studio Solution File, Format Version 12.00
# Visual Studio 15
VisualStudioVersion = 15.0.28010.2026
MinimumVisualStudioVersion = 10.0.40219.1
Project("{9A19103F-16F7-4668-BE54-9A1E7A4F7556}") = "FortnoxAPILibrary", "FortnoxAPILibrary\FortnoxAPILibrary.csproj", "{0359120E-848C-461E-92E0-52A4C955EB28}"
EndProject
Project("{9A19103F-16F7-4668-BE54-9A1E7A4F7556}") = "FortnoxAPILibrary.Tests", "FortnoxAPILibrary.Tests\FortnoxAPILibrary.Tests.csproj", "{DC0D7AE2-31DA-4BD9-9192-44075D251DEF}"
EndProject
Global
	GlobalSection(SolutionConfigurationPlatforms) = preSolution
		Debug|Any CPU = Debug|Any CPU
		Release|Any CPU = Release|Any CPU
	EndGlobalSection
	GlobalSection(ProjectConfigurationPlatforms) = postSolution
		{0359120E-848C-461E-92E0-52A4C955EB28}.Debug|Any CPU.ActiveCfg = Debug|Any CPU
		{0359120E-848C-461E-92E0-52A4C955EB28}.Debug|Any CPU.Build.0 = Debug|Any CPU
		{0359120E-848C-461E-92E0-52A4C955EB28}.Release|Any CPU.ActiveCfg = Release|Any CPU
		{0359120E-848C-461E-92E0-52A4C955EB28}.Release|Any CPU.Build.0 = Release|Any CPU
		{DC0D7AE2-31DA-4BD9-9192-44075D251DEF}.Debug|Any CPU.ActiveCfg = Debug|Any CPU
		{DC0D7AE2-31DA-4BD9-9192-44075D251DEF}.Debug|Any CPU.Build.0 = Debug|Any CPU
		{DC0D7AE2-31DA-4BD9-9192-44075D251DEF}.Release|Any CPU.ActiveCfg = Release|Any CPU
		{DC0D7AE2-31DA-4BD9-9192-44075D251DEF}.Release|Any CPU.Build.0 = Release|Any CPU
	EndGlobalSection
	GlobalSection(SolutionProperties) = preSolution
		HideSolutionNode = FALSE
	EndGlobalSection
	GlobalSection(ExtensibilityGlobals) = postSolution
		SolutionGuid = {7BE553EE-09B8-4EC7-B9D2-3C3FB24BEC19}
	EndGlobalSection
EndGlobal
